
Microsoft Visual Studio Solution File, Format Version 12.00
# SQL Server Management Studio Version 22
VisualStudioVersion = 18.1.11304.174
MinimumVisualStudioVersion = 10.0.40219.1
Project("{FAE04EC0-301F-11D3-BF4B-00C04F79EFBC}") = "CapaPresentacion", "Sistema_de_Inventario\CapaPresentacion.csproj", "{F2449C1D-6918-443C-9264-73EC25066DA0}"
EndProject
Project("{FAE04EC0-301F-11D3-BF4B-00C04F79EFBC}") = "CapaNegocio", "CapaNegocio\CapaNegocio.csproj", "{D384D355-0F64-4B7F-979B-764D5DBB4BBF}"
EndProject
Project("{FAE04EC0-301F-11D3-BF4B-00C04F79EFBC}") = "CapaDatos", "CapaDatos\CapaDatos.csproj", "{070A15A4-171A-4142-93DD-007CD3A9114C}"
EndProject
Project("{2150E333-8FDC-42A3-9474-1A3956D46DE8}") = "Database", "Database", "{C9917D31-B579-47DC-9464-14BE65D6E895}"
	ProjectSection(SolutionItems) = preProject
		CapaDatos\Database\SQLQuery3.sql = CapaDatos\Database\SQLQuery3.sql
	EndProjectSection
EndProject
Global
	GlobalSection(SolutionConfigurationPlatforms) = preSolution
		Debug|Any CPU = Debug|Any CPU
		Default|Any CPU = Default|Any CPU
		Release|Any CPU = Release|Any CPU
	EndGlobalSection
	GlobalSection(ProjectConfigurationPlatforms) = postSolution
		{F2449C1D-6918-443C-9264-73EC25066DA0}.Debug|Any CPU.ActiveCfg = Debug|Any CPU
		{F2449C1D-6918-443C-9264-73EC25066DA0}.Debug|Any CPU.Build.0 = Debug|Any CPU
		{F2449C1D-6918-443C-9264-73EC25066DA0}.Default|Any CPU.ActiveCfg = Release|Any CPU
		{F2449C1D-6918-443C-9264-73EC25066DA0}.Release|Any CPU.ActiveCfg = Release|Any CPU
		{F2449C1D-6918-443C-9264-73EC25066DA0}.Release|Any CPU.Build.0 = Release|Any CPU
		{D384D355-0F64-4B7F-979B-764D5DBB4BBF}.Debug|Any CPU.ActiveCfg = Debug|Any CPU
		{D384D355-0F64-4B7F-979B-764D5DBB4BBF}.Debug|Any CPU.Build.0 = Debug|Any CPU
		{D384D355-0F64-4B7F-979B-764D5DBB4BBF}.Default|Any CPU.ActiveCfg = Release|Any CPU
		{D384D355-0F64-4B7F-979B-764D5DBB4BBF}.Release|Any CPU.ActiveCfg = Release|Any CPU
		{D384D355-0F64-4B7F-979B-764D5DBB4BBF}.Release|Any CPU.Build.0 = Release|Any CPU
		{070A15A4-171A-4142-93DD-007CD3A9114C}.Debug|Any CPU.ActiveCfg = Debug|Any CPU
		{070A15A4-171A-4142-93DD-007CD3A9114C}.Debug|Any CPU.Build.0 = Debug|Any CPU
		{070A15A4-171A-4142-93DD-007CD3A9114C}.Default|Any CPU.ActiveCfg = Release|Any CPU
		{070A15A4-171A-4142-93DD-007CD3A9114C}.Release|Any CPU.ActiveCfg = Release|Any CPU
		{070A15A4-171A-4142-93DD-007CD3A9114C}.Release|Any CPU.Build.0 = Release|Any CPU
		{84B0CFE9-FF0D-42E1-B514-CBD08C34A663}.Debug|Any CPU.ActiveCfg = Default
		{84B0CFE9-FF0D-42E1-B514-CBD08C34A663}.Default|Any CPU.ActiveCfg = Default
		{84B0CFE9-FF0D-42E1-B514-CBD08C34A663}.Release|Any CPU.ActiveCfg = Default
	EndGlobalSection
	GlobalSection(SolutionProperties) = preSolution
		HideSolutionNode = FALSE
	EndGlobalSection
	GlobalSection(ExtensibilityGlobals) = postSolution
		SolutionGuid = {C47C2FF2-FC8D-410F-BC68-B3ECAD07F96D}
	EndGlobalSection
EndGlobal
